
Microsoft Visual Studio Solution File, Format Version 12.00
# Visual Studio Version 16
VisualStudioVersion = 16.0.30011.22
MinimumVisualStudioVersion = 10.0.40219.1
Project("{FAE04EC0-301F-11D3-BF4B-00C04F79EFBC}") = "wxcPLSQLPlugin", "wxcPLSQLPlugin.csproj", "{0736BC21-B89C-4726-A9F3-10AFBAA8B737}"
EndProject
Global
	GlobalSection(SolutionConfigurationPlatforms) = preSolution
		Debug|Any CPU = Debug|Any CPU
		Debug|x64 = Debug|x64
		Debug|x86 = Debug|x86
		Release|Any CPU = Release|Any CPU
		Release|x64 = Release|x64
		Release|x86 = Release|x86
	EndGlobalSection
	GlobalSection(ProjectConfigurationPlatforms) = postSolution
		{0736BC21-B89C-4726-A9F3-10AFBAA8B737}.Debug|Any CPU.ActiveCfg = Debug|Any CPU
		{0736BC21-B89C-4726-A9F3-10AFBAA8B737}.Debug|Any CPU.Build.0 = Debug|Any CPU
		{0736BC21-B89C-4726-A9F3-10AFBAA8B737}.Debug|x64.ActiveCfg = Debug|x64
		{0736BC21-B89C-4726-A9F3-10AFBAA8B737}.Debug|x64.Build.0 = Debug|x64
		{0736BC21-B89C-4726-A9F3-10AFBAA8B737}.Debug|x86.ActiveCfg = Debug|x86
		{0736BC21-B89C-4726-A9F3-10AFBAA8B737}.Debug|x86.Build.0 = Debug|x86
		{0736BC21-B89C-4726-A9F3-10AFBAA8B737}.Release|Any CPU.ActiveCfg = Release|Any CPU
		{0736BC21-B89C-4726-A9F3-10AFBAA8B737}.Release|Any CPU.Build.0 = Release|Any CPU
		{0736BC21-B89C-4726-A9F3-10AFBAA8B737}.Release|x64.ActiveCfg = Release|x64
		{0736BC21-B89C-4726-A9F3-10AFBAA8B737}.Release|x64.Build.0 = Release|x64
		{0736BC21-B89C-4726-A9F3-10AFBAA8B737}.Release|x86.ActiveCfg = Release|x86
		{0736BC21-B89C-4726-A9F3-10AFBAA8B737}.Release|x86.Build.0 = Release|x86
	EndGlobalSection
	GlobalSection(SolutionProperties) = preSolution
		HideSolutionNode = FALSE
	EndGlobalSection
	GlobalSection(ExtensibilityGlobals) = postSolution
		SolutionGuid = {4EC0787E-1257-4912-AAAE-4367B0348005}
	EndGlobalSection
EndGlobal
